PODS:
  - KakaJSON (1.1.2)
  - SwiftyJSON (5.0.1)

DEPENDENCIES:
  - KakaJSON
  - SwiftyJSON

SPEC REPOS:
  trunk:
    - KakaJSON
    - SwiftyJSON

SPEC CHECKSUMS:
  KakaJSON: cc5ff50a8c1cfbb09413db8496cb709a209e6137
  SwiftyJSON: 2f33a42c6fbc52764d96f13368585094bfd8aa5e

PODFILE CHECKSUM: 8ebd142820c6385ea1680dee96ebd6db3974d200

COCOAPODS: 1.10.1
